
Microsoft Visual Studio Solution File, Format Version 12.00
# Visual Studio Version 16
VisualStudioVersion = 16.0.30621.155
MinimumVisualStudioVersion = 10.0.40219.1
Project("{FAE04EC0-301F-11D3-BF4B-00C04F79EFBC}") = "StaticExercise", "StaticExercise\StaticExercise.csproj", "{8111A39B-1C40-4507-88D8-015565B3BAB1}"
EndProject
Global
	GlobalSection(SolutionConfigurationPlatforms) = preSolution
		Debug|Any CPU = Debug|Any CPU
		Release|Any CPU = Release|Any CPU
	EndGlobalSection
	GlobalSection(ProjectConfigurationPlatforms) = postSolution
		{8111A39B-1C40-4507-88D8-015565B3BAB1}.Debug|Any CPU.ActiveCfg = Debug|Any CPU
		{8111A39B-1C40-4507-88D8-015565B3BAB1}.Debug|Any CPU.Build.0 = Debug|Any CPU
		{8111A39B-1C40-4507-88D8-015565B3BAB1}.Release|Any CPU.ActiveCfg = Release|Any CPU
		{8111A39B-1C40-4507-88D8-015565B3BAB1}.Release|Any CPU.Build.0 = Release|Any CPU
	EndGlobalSection
	GlobalSection(SolutionProperties) = preSolution
		HideSolutionNode = FALSE
	EndGlobalSection
	GlobalSection(ExtensibilityGlobals) = postSolution
		SolutionGuid = {7680DD09-37EA-4167-8FE3-BDD462AB188A}
	EndGlobalSection
EndGlobal
